
Microsoft Visual Studio Solution File, Format Version 12.00
# Visual Studio Version 17
VisualStudioVersion = 17.5.33502.453
MinimumVisualStudioVersion = 10.0.40219.1
Project("{2150E333-8FDC-42A3-9474-1A3956D46DE8}") = "src", "src", "{4CA7E6FA-0DC4-4E66-BD2E-31A6447E6CD7}"
EndProject
Project("{9A19103F-16F7-4668-BE54-9A1E7A4F7556}") = "UtilityVerse", "src\UtilityVerse\UtilityVerse.csproj", "{256CD825-08FD-4531-8095-08833BABE1D3}"
EndProject
Project("{2150E333-8FDC-42A3-9474-1A3956D46DE8}") = "tests", "tests", "{3D24A8E3-F6A7-4A0E-B22B-4DF324D85BB6}"
EndProject
Project("{2150E333-8FDC-42A3-9474-1A3956D46DE8}") = "__solution-items__", "__solution-items__", "{EB18ECF8-4342-4BA6-8901-3753C6F337DF}"
	ProjectSection(SolutionItems) = preProject
		.gitattributes = .gitattributes
		.gitignore = .gitignore
		LICENSE.txt = LICENSE.txt
		README.md = README.md
		assets\utility-verse.png = assets\utility-verse.png
	EndProjectSection
EndProject
Global
	GlobalSection(SolutionConfigurationPlatforms) = preSolution
		Debug|Any CPU = Debug|Any CPU
		Release|Any CPU = Release|Any CPU
	EndGlobalSection
	GlobalSection(ProjectConfigurationPlatforms) = postSolution
		{256CD825-08FD-4531-8095-08833BABE1D3}.Debug|Any CPU.ActiveCfg = Debug|Any CPU
		{256CD825-08FD-4531-8095-08833BABE1D3}.Debug|Any CPU.Build.0 = Debug|Any CPU
		{256CD825-08FD-4531-8095-08833BABE1D3}.Release|Any CPU.ActiveCfg = Release|Any CPU
		{256CD825-08FD-4531-8095-08833BABE1D3}.Release|Any CPU.Build.0 = Release|Any CPU
	EndGlobalSection
	GlobalSection(SolutionProperties) = preSolution
		HideSolutionNode = FALSE
	EndGlobalSection
	GlobalSection(NestedProjects) = preSolution
		{256CD825-08FD-4531-8095-08833BABE1D3} = {4CA7E6FA-0DC4-4E66-BD2E-31A6447E6CD7}
	EndGlobalSection
	GlobalSection(ExtensibilityGlobals) = postSolution
		SolutionGuid = {5D3B1F59-B642-4106-91C6-ADDA4D3BD4A5}
	EndGlobalSection
EndGlobal
